{
  "name": "tree-sitter-sql",
  "version": "0.1.0",
  "lockfileVersion": 2,
  "requires": true,
  "packages": {
    "": {
      "version": "0.1.0",
      "hasInstallScript": true,
      "license": "MIT",
      "dependencies": {
        "nan": "^2.14.2"
      },
      "devDependencies": {
        "tree-sitter-cli": "^0.19.5"
      }
    },
    "node_modules/nan": {
      "version": "2.14.2",
      "resolved": "https://understory.jfrog.io/understory/api/npm/npm-development/nan/-/nan-2.14.2.tgz",
      "integrity": "sha1-9TdkAGlRaPTMaUrJOT0MlYXu6hk=",
      "license": "MIT"
    },
    "node_modules/tree-sitter-cli": {
      "version": "0.19.5",
      "resolved": "https://understory.jfrog.io/understory/api/npm/npm-development/tree-sitter-cli/-/tree-sitter-cli-0.19.5.tgz",
      "integrity": "sha1-jb9zSAIj//RFWc7IgcDLEImnL6o=",
      "dev": true,
      "hasInstallScript": true,
      "license": "MIT",
      "bin": {
        "tree-sitter": "cli.js"
      }
    }
  },
  "dependencies": {
    "nan": {
      "version": "2.14.2",
      "resolved": "https://understory.jfrog.io/understory/api/npm/npm-development/nan/-/nan-2.14.2.tgz",
      "integrity": "sha1-9TdkAGlRaPTMaUrJOT0MlYXu6hk="
    },
    "tree-sitter-cli": {
      "version": "0.19.5",
      "resolved": "https://understory.jfrog.io/understory/api/npm/npm-development/tree-sitter-cli/-/tree-sitter-cli-0.19.5.tgz",
      "integrity": "sha1-jb9zSAIj//RFWc7IgcDLEImnL6o=",
      "dev": true
    }
  }
}
